
Microsoft Visual Studio Solution File, Format Version 12.00
# Visual Studio Version 17
VisualStudioVersion = 17.10.34928.147
MinimumVisualStudioVersion = 10.0.40219.1
Project("{9A19103F-16F7-4668-BE54-9A1E7A4F7556}") = "Talabat.API", "Talabat.API\Talabat.API.csproj", "{52946C29-0E20-4C4F-BAE2-99ABB265C55B}"
EndProject
Project("{FAE04EC0-301F-11D3-BF4B-00C04F79EFBC}") = "Talabat.Core", "Talabat.Core\Talabat.Core.csproj", "{376BB813-C91A-48FC-A4F8-91AACA98CD4E}"
EndProject
Project("{FAE04EC0-301F-11D3-BF4B-00C04F79EFBC}") = "Talabat.Repository", "Talabat.Repository\Talabat.Repository.csproj", "{98F74826-F2C5-405C-B511-5D729151BFD1}"
EndProject
Project("{FAE04EC0-301F-11D3-BF4B-00C04F79EFBC}") = "Talabat.Service", "Talabat.Service\Talabat.Service.csproj", "{F3D3D71C-5940-43AC-8D5C-C8E5C6019F36}"
EndProject
Global
	GlobalSection(SolutionConfigurationPlatforms) = preSolution
		Debug|Any CPU = Debug|Any CPU
		Release|Any CPU = Release|Any CPU
	EndGlobalSection
	GlobalSection(ProjectConfigurationPlatforms) = postSolution
		{52946C29-0E20-4C4F-BAE2-99ABB265C55B}.Debug|Any CPU.ActiveCfg = Debug|Any CPU
		{52946C29-0E20-4C4F-BAE2-99ABB265C55B}.Debug|Any CPU.Build.0 = Debug|Any CPU
		{52946C29-0E20-4C4F-BAE2-99ABB265C55B}.Release|Any CPU.ActiveCfg = Release|Any CPU
		{52946C29-0E20-4C4F-BAE2-99ABB265C55B}.Release|Any CPU.Build.0 = Release|Any CPU
		{376BB813-C91A-48FC-A4F8-91AACA98CD4E}.Debug|Any CPU.ActiveCfg = Debug|Any CPU
		{376BB813-C91A-48FC-A4F8-91AACA98CD4E}.Debug|Any CPU.Build.0 = Debug|Any CPU
		{376BB813-C91A-48FC-A4F8-91AACA98CD4E}.Release|Any CPU.ActiveCfg = Release|Any CPU
		{376BB813-C91A-48FC-A4F8-91AACA98CD4E}.Release|Any CPU.Build.0 = Release|Any CPU
		{98F74826-F2C5-405C-B511-5D729151BFD1}.Debug|Any CPU.ActiveCfg = Debug|Any CPU
		{98F74826-F2C5-405C-B511-5D729151BFD1}.Debug|Any CPU.Build.0 = Debug|Any CPU
		{98F74826-F2C5-405C-B511-5D729151BFD1}.Release|Any CPU.ActiveCfg = Release|Any CPU
		{98F74826-F2C5-405C-B511-5D729151BFD1}.Release|Any CPU.Build.0 = Release|Any CPU
		{F3D3D71C-5940-43AC-8D5C-C8E5C6019F36}.Debug|Any CPU.ActiveCfg = Debug|Any CPU
		{F3D3D71C-5940-43AC-8D5C-C8E5C6019F36}.Debug|Any CPU.Build.0 = Debug|Any CPU
		{F3D3D71C-5940-43AC-8D5C-C8E5C6019F36}.Release|Any CPU.ActiveCfg = Release|Any CPU
		{F3D3D71C-5940-43AC-8D5C-C8E5C6019F36}.Release|Any CPU.Build.0 = Release|Any CPU
	EndGlobalSection
	GlobalSection(SolutionProperties) = preSolution
		HideSolutionNode = FALSE
	EndGlobalSection
	GlobalSection(ExtensibilityGlobals) = postSolution
		SolutionGuid = {F19FC7A0-B267-4D66-875A-EB7F2397E5FE}
	EndGlobalSection
EndGlobal
